// !$*UTF8*$!
{
	archiveVersion = 1;
	classes = {
	};
	objectVersion = 50;
	objects = {

/* Begin PBXBuildFile section */
		9237A5BD258E271C002582AD /* MemoryGame.swift in Sources */ = {isa = PBXBuildFile; fileRef = 9237A5BC258E271C002582AD /* MemoryGame.swift */; };
		9237A5C2258E28C0002582AD /* EmojiMemoryGame.swift in Sources */ = {isa = PBXBuildFile; fileRef = 9237A5C1258E28C0002582AD /* EmojiMemoryGame.swift */; };
		92790D8C258D234B0006EBC8 /* AppDelegate.swift in Sources */ = {isa = PBXBuildFile; fileRef = 92790D8B258D234B0006EBC8 /* AppDelegate.swift */; };
		92790D8E258D234B0006EBC8 /* SceneDelegate.swift in Sources */ = {isa = PBXBuildFile; fileRef = 92790D8D258D234B0006EBC8 /* SceneDelegate.swift */; };
		92790D90258D234B0006EBC8 /* EmojiMemoryGameView.swift in Sources */ = {isa = PBXBuildFile; fileRef = 92790D8F258D234B0006EBC8 /* EmojiMemoryGameView.swift */; };
		92790D93258D234B0006EBC8 /* Memorize_Stanford.xcdatamodeld in Sources */ = {isa = PBXBuildFile; fileRef = 92790D91258D234B0006EBC8 /* Memorize_Stanford.xcdatamodeld */; };
		92790D95258D234E0006EBC8 /* Assets.xcassets in Resources */ = {isa = PBXBuildFile; fileRef = 92790D94258D234E0006EBC8 /* Assets.xcassets */; };
		92790D98258D234E0006EBC8 /* Preview Assets.xcassets in Resources */ = {isa = PBXBuildFile; fileRef = 92790D97258D234E0006EBC8 /* Preview Assets.xcassets */; };
		92790D9B258D234E0006EBC8 /* LaunchScreen.storyboard in Resources */ = {isa = PBXBuildFile; fileRef = 92790D99258D234E0006EBC8 /* LaunchScreen.storyboard */; };
		92790DA6258D234E0006EBC8 /* Memorize_StanfordTests.swift in Sources */ = {isa = PBXBuildFile; fileRef = 92790DA5258D234E0006EBC8 /* Memorize_StanfordTests.swift */; };
		92790DB1258D234F0006EBC8 /* Memorize_StanfordUITests.swift in Sources */ = {isa = PBXBuildFile; fileRef = 92790DB0258D234F0006EBC8 /* Memorize_StanfordUITests.swift */; };
		92C4E1B4258F46B30024C2E4 /* Grid.swift in Sources */ = {isa = PBXBuildFile; fileRef = 92C4E1B3258F46B30024C2E4 /* Grid.swift */; };
		92C4E1B9258F594C0024C2E4 /* GridLayout.swift in Sources */ = {isa = PBXBuildFile; fileRef = 92C4E1B8258F594C0024C2E4 /* GridLayout.swift */; };
		92C4E1BE258F61DB0024C2E4 /* Array+Identifiable.swift in Sources */ = {isa = PBXBuildFile; fileRef = 92C4E1BD258F61DB0024C2E4 /* Array+Identifiable.swift */; };
		92C4E1C3258FD5430024C2E4 /* Array+Only.swift in Sources */ = {isa = PBXBuildFile; fileRef = 92C4E1C2258FD5430024C2E4 /* Array+Only.swift */; };
/* End PBXBuildFile section */

/* Begin PBXContainerItemProxy section */
		92790DA2258D234E0006EBC8 /* PBXContainerItemProxy */ = {
			isa = PBXContainerItemProxy;
			containerPortal = 92790D80258D234B0006EBC8 /* Project object */;
			proxyType = 1;
			remoteGlobalIDString = 92790D87258D234B0006EBC8;
			remoteInfo = "Memorize-Stanford";
		};
		92790DAD258D234F0006EBC8 /* PBXContainerItemProxy */ = {
			isa = PBXContainerItemProxy;
			containerPortal = 92790D80258D234B0006EBC8 /* Project object */;
			proxyType = 1;
			remoteGlobalIDString = 92790D87258D234B0006EBC8;
			remoteInfo = "Memorize-Stanford";
		};
/* End PBXContainerItemProxy section */

/* Begin PBXFileReference section */
		9237A5BC258E271C002582AD /* MemoryGame.swift */ = {isa = PBXFileReference; lastKnownFileType = sourcecode.swift; path = MemoryGame.swift; sourceTree = "<group>"; };
		9237A5C1258E28C0002582AD /* EmojiMemoryGame.swift */ = {isa = PBXFileReference; lastKnownFileType = sourcecode.swift; path = EmojiMemoryGame.swift; sourceTree = "<group>"; };
		92790D88258D234B0006EBC8 /* Memorize-Stanford.app */ = {isa = PBXFileReference; explicitFileType = wrapper.application; includeInIndex = 0; path = "Memorize-Stanford.app"; sourceTree = BUILT_PRODUCTS_DIR; };
		92790D8B258D234B0006EBC8 /* AppDelegate.swift */ = {isa = PBXFileReference; lastKnownFileType = sourcecode.swift; path = AppDelegate.swift; sourceTree = "<group>"; };
		92790D8D258D234B0006EBC8 /* SceneDelegate.swift */ = {isa = PBXFileReference; lastKnownFileType = sourcecode.swift; path = SceneDelegate.swift; sourceTree = "<group>"; };
		92790D8F258D234B0006EBC8 /* EmojiMemoryGameView.swift */ = {isa = PBXFileReference; lastKnownFileType = sourcecode.swift; path = EmojiMemoryGameView.swift; sourceTree = "<group>"; };
		92790D92258D234B0006EBC8 /* Memorize_Stanford.xcdatamodel */ = {isa = PBXFileReference; lastKnownFileType = wrapper.xcdatamodel; path = Memorize_Stanford.xcdatamodel; sourceTree = "<group>"; };
		92790D94258D234E0006EBC8 /* Assets.xcassets */ = {isa = PBXFileReference; lastKnownFileType = folder.assetcatalog; path = Assets.xcassets; sourceTree = "<group>"; };
		92790D97258D234E0006EBC8 /* Preview Assets.xcassets */ = {isa = PBXFileReference; lastKnownFileType = folder.assetcatalog; path = "Preview Assets.xcassets"; sourceTree = "<group>"; };
		92790D9A258D234E0006EBC8 /* Base */ = {isa = PBXFileReference; lastKnownFileType = file.storyboard; name = Base; path = Base.lproj/LaunchScreen.storyboard; sourceTree = "<group>"; };
		92790D9C258D234E0006EBC8 /* Info.plist */ = {isa = PBXFileReference; lastKnownFileType = text.plist.xml; path = Info.plist; sourceTree = "<group>"; };
		92790DA1258D234E0006EBC8 /* Memorize-StanfordTests.xctest */ = {isa = PBXFileReference; explicitFileType = wrapper.cfbundle; includeInIndex = 0; path = "Memorize-StanfordTests.xctest"; sourceTree = BUILT_PRODUCTS_DIR; };
		92790DA5258D234E0006EBC8 /* Memorize_StanfordTests.swift */ = {isa = PBXFileReference; lastKnownFileType = sourcecode.swift; path = Memorize_StanfordTests.swift; sourceTree = "<group>"; };
		92790DA7258D234E0006EBC8 /* Info.plist */ = {isa = PBXFileReference; lastKnownFileType = text.plist.xml; path = Info.plist; sourceTree = "<group>"; };
		92790DAC258D234F0006EBC8 /* Memorize-StanfordUITests.xctest */ = {isa = PBXFileReference; explicitFileType = wrapper.cfbundle; includeInIndex = 0; path = "Memorize-StanfordUITests.xctest"; sourceTree = BUILT_PRODUCTS_DIR; };
		92790DB0258D234F0006EBC8 /* Memorize_StanfordUITests.swift */ = {isa = PBXFileReference; lastKnownFileType = sourcecode.swift; path = Memorize_StanfordUITests.swift; sourceTree = "<group>"; };
		92790DB2258D234F0006EBC8 /* Info.plist */ = {isa = PBXFileReference; lastKnownFileType = text.plist.xml; path = Info.plist; sourceTree = "<group>"; };
		92C4E1B3258F46B30024C2E4 /* Grid.swift */ = {isa = PBXFileReference; lastKnownFileType = sourcecode.swift; path = Grid.swift; sourceTree = "<group>"; };
		92C4E1B8258F594C0024C2E4 /* GridLayout.swift */ = {isa = PBXFileReference; fileEncoding = 4; lastKnownFileType = sourcecode.swift; path = GridLayout.swift; sourceTree = "<group>"; };
		92C4E1BD258F61DB0024C2E4 /* Array+Identifiable.swift */ = {isa = PBXFileReference; lastKnownFileType = sourcecode.swift; path = "Array+Identifiable.swift"; sourceTree = "<group>"; };
		92C4E1C2258FD5430024C2E4 /* Array+Only.swift */ = {isa = PBXFileReference; lastKnownFileType = sourcecode.swift; path = "Array+Only.swift"; sourceTree = "<group>"; };
/* End PBXFileReference section */

/* Begin PBXFrameworksBuildPhase section */
		92790D85258D234B0006EBC8 /* Frameworks */ = {
			isa = PBXFrameworksBuildPhase;
			buildActionMask = 2147483647;
			files = (
			);
			runOnlyForDeploymentPostprocessing = 0;
		};
		92790D9E258D234E0006EBC8 /* Frameworks */ = {
			isa = PBXFrameworksBuildPhase;
			buildActionMask = 2147483647;
			files = (
			);
			runOnlyForDeploymentPostprocessing = 0;
		};
		92790DA9258D234F0006EBC8 /* Frameworks */ = {
			isa = PBXFrameworksBuildPhase;
			buildActionMask = 2147483647;
			files = (
			);
			runOnlyForDeploymentPostprocessing = 0;
		};
/* End PBXFrameworksBuildPhase section */

/* Begin PBXGroup section */
		92790D7F258D234B0006EBC8 = {
			isa = PBXGroup;
			children = (
				92790D8A258D234B0006EBC8 /* Memorize-Stanford */,
				92790DA4258D234E0006EBC8 /* Memorize-StanfordTests */,
				92790DAF258D234F0006EBC8 /* Memorize-StanfordUITests */,
				92790D89258D234B0006EBC8 /* Products */,
			);
			sourceTree = "<group>";
		};
		92790D89258D234B0006EBC8 /* Products */ = {
			isa = PBXGroup;
			children = (
				92790D88258D234B0006EBC8 /* Memorize-Stanford.app */,
				92790DA1258D234E0006EBC8 /* Memorize-StanfordTests.xctest */,
				92790DAC258D234F0006EBC8 /* Memorize-StanfordUITests.xctest */,
			);
			name = Products;
			sourceTree = "<group>";
		};
		92790D8A258D234B0006EBC8 /* Memorize-Stanford */ = {
			isa = PBXGroup;
			children = (
				92790D8B258D234B0006EBC8 /* AppDelegate.swift */,
				92790D8D258D234B0006EBC8 /* SceneDelegate.swift */,
				92790D8F258D234B0006EBC8 /* EmojiMemoryGameView.swift */,
				92C4E1B3258F46B30024C2E4 /* Grid.swift */,
				92C4E1BD258F61DB0024C2E4 /* Array+Identifiable.swift */,
				92C4E1B8258F594C0024C2E4 /* GridLayout.swift */,
				9237A5BC258E271C002582AD /* MemoryGame.swift */,
				92C4E1C2258FD5430024C2E4 /* Array+Only.swift */,
				9237A5C1258E28C0002582AD /* EmojiMemoryGame.swift */,
				92790D94258D234E0006EBC8 /* Assets.xcassets */,
				92790D99258D234E0006EBC8 /* LaunchScreen.storyboard */,
				92790D9C258D234E0006EBC8 /* Info.plist */,
				92790D91258D234B0006EBC8 /* Memorize_Stanford.xcdatamodeld */,
				92790D96258D234E0006EBC8 /* Preview Content */,
			);
			path = "Memorize-Stanford";
			sourceTree = "<group>";
		};
		92790D96258D234E0006EBC8 /* Preview Content */ = {
			isa = PBXGroup;
			children = (
				92790D97258D234E0006EBC8 /* Preview Assets.xcassets */,
			);
			path = "Preview Content";
			sourceTree = "<group>";
		};
		92790DA4258D234E0006EBC8 /* Memorize-StanfordTests */ = {
			isa = PBXGroup;
			children = (
				92790DA5258D234E0006EBC8 /* Memorize_StanfordTests.swift */,
				92790DA7258D234E0006EBC8 /* Info.plist */,
			);
			path = "Memorize-StanfordTests";
			sourceTree = "<group>";
		};
		92790DAF258D234F0006EBC8 /* Memorize-StanfordUITests */ = {
			isa = PBXGroup;
			children = (
				92790DB0258D234F0006EBC8 /* Memorize_StanfordUITests.swift */,
				92790DB2258D234F0006EBC8 /* Info.plist */,
			);
			path = "Memorize-StanfordUITests";
			sourceTree = "<group>";
		};
/* End PBXGroup section */

/* Begin PBXNativeTarget section */
		92790D87258D234B0006EBC8 /* Memorize-Stanford */ = {
			isa = PBXNativeTarget;
			buildConfigurationList = 92790DB5258D234F0006EBC8 /* Build configuration list for PBXNativeTarget "Memorize-Stanford" */;
			buildPhases = (
				92790D84258D234B0006EBC8 /* Sources */,
				92790D85258D234B0006EBC8 /* Frameworks */,
				92790D86258D234B0006EBC8 /* Resources */,
			);
			buildRules = (
			);
			dependencies = (
			);
			name = "Memorize-Stanford";
			productName = "Memorize-Stanford";
			productReference = 92790D88258D234B0006EBC8 /* Memorize-Stanford.app */;
			productType = "com.apple.product-type.application";
		};
		92790DA0258D234E0006EBC8 /* Memorize-StanfordTests */ = {
			isa = PBXNativeTarget;
			buildConfigurationList = 92790DB8258D234F0006EBC8 /* Build configuration list for PBXNativeTarget "Memorize-StanfordTests" */;
			buildPhases = (
				92790D9D258D234E0006EBC8 /* Sources */,
				92790D9E258D234E0006EBC8 /* Frameworks */,
				92790D9F258D234E0006EBC8 /* Resources */,
			);
			buildRules = (
			);
			dependencies = (
				92790DA3258D234E0006EBC8 /* PBXTargetDependency */,
			);
			name = "Memorize-StanfordTests";
			productName = "Memorize-StanfordTests";
			productReference = 92790DA1258D234E0006EBC8 /* Memorize-StanfordTests.xctest */;
			productType = "com.apple.product-type.bundle.unit-test";
		};
		92790DAB258D234F0006EBC8 /* Memorize-StanfordUITests */ = {
			isa = PBXNativeTarget;
			buildConfigurationList = 92790DBB258D234F0006EBC8 /* Build configuration list for PBXNativeTarget "Memorize-StanfordUITests" */;
			buildPhases = (
				92790DA8258D234F0006EBC8 /* Sources */,
				92790DA9258D234F0006EBC8 /* Frameworks */,
				92790DAA258D234F0006EBC8 /* Resources */,
			);
			buildRules = (
			);
			dependencies = (
				92790DAE258D234F0006EBC8 /* PBXTargetDependency */,
			);
			name = "Memorize-StanfordUITests";
			productName = "Memorize-StanfordUITests";
			productReference = 92790DAC258D234F0006EBC8 /* Memorize-StanfordUITests.xctest */;
			productType = "com.apple.product-type.bundle.ui-testing";
		};
/* End PBXNativeTarget section */

/* Begin PBXProject section */
		92790D80258D234B0006EBC8 /* Project object */ = {
			isa = PBXProject;
			attributes = {
				LastSwiftUpdateCheck = 1210;
				LastUpgradeCheck = 1210;
				TargetAttributes = {
					92790D87258D234B0006EBC8 = {
						CreatedOnToolsVersion = 12.1;
					};
					92790DA0258D234E0006EBC8 = {
						CreatedOnToolsVersion = 12.1;
						TestTargetID = 92790D87258D234B0006EBC8;
					};
					92790DAB258D234F0006EBC8 = {
						CreatedOnToolsVersion = 12.1;
						TestTargetID = 92790D87258D234B0006EBC8;
					};
				};
			};
			buildConfigurationList = 92790D83258D234B0006EBC8 /* Build configuration list for PBXProject "Memorize-Stanford" */;
			compatibilityVersion = "Xcode 9.3";
			developmentRegion = en;
			hasScannedForEncodings = 0;
			knownRegions = (
				en,
				Base,
			);
			mainGroup = 92790D7F258D234B0006EBC8;
			productRefGroup = 92790D89258D234B0006EBC8 /* Products */;
			projectDirPath = "";
			projectRoot = "";
			targets = (
				92790D87258D234B0006EBC8 /* Memorize-Stanford */,
				92790DA0258D234E0006EBC8 /* Memorize-StanfordTests */,
				92790DAB258D234F0006EBC8 /* Memorize-StanfordUITests */,
			);
		};
/* End PBXProject section */

/* Begin PBXResourcesBuildPhase section */
		92790D86258D234B0006EBC8 /* Resources */ = {
			isa = PBXResourcesBuildPhase;
			buildActionMask = 2147483647;
			files = (
				92790D9B258D234E0006EBC8 /* LaunchScreen.storyboard in Resources */,
				92790D98258D234E0006EBC8 /* Preview Assets.xcassets in Resources */,
				92790D95258D234E0006EBC8 /* Assets.xcassets in Resources */,
			);
			runOnlyForDeploymentPostprocessing = 0;
		};
		92790D9F258D234E0006EBC8 /* Resources */ = {
			isa = PBXResourcesBuildPhase;
			buildActionMask = 2147483647;
			files = (
			);
			runOnlyForDeploymentPostprocessing = 0;
		};
		92790DAA258D234F0006EBC8 /* Resources */ = {
			isa = PBXResourcesBuildPhase;
			buildActionMask = 2147483647;
			files = (
			);
			runOnlyForDeploymentPostprocessing = 0;
		};
/* End PBXResourcesBuildPhase section */

/* Begin PBXSourcesBuildPhase section */
		92790D84258D234B0006EBC8 /* Sources */ = {
			isa = PBXSourcesBuildPhase;
			buildActionMask = 2147483647;
			files = (
				92790D8C258D234B0006EBC8 /* AppDelegate.swift in Sources */,
				92790D8E258D234B0006EBC8 /* SceneDelegate.swift in Sources */,
				9237A5BD258E271C002582AD /* MemoryGame.swift in Sources */,
				92C4E1C3258FD5430024C2E4 /* Array+Only.swift in Sources */,
				92790D93258D234B0006EBC8 /* Memorize_Stanford.xcdatamodeld in Sources */,
				92790D90258D234B0006EBC8 /* EmojiMemoryGameView.swift in Sources */,
				92C4E1BE258F61DB0024C2E4 /* Array+Identifiable.swift in Sources */,
				92C4E1B4258F46B30024C2E4 /* Grid.swift in Sources */,
				9237A5C2258E28C0002582AD /* EmojiMemoryGame.swift in Sources */,
				92C4E1B9258F594C0024C2E4 /* GridLayout.swift in Sources */,
			);
			runOnlyForDeploymentPostprocessing = 0;
		};
		92790D9D258D234E0006EBC8 /* Sources */ = {
			isa = PBXSourcesBuildPhase;
			buildActionMask = 2147483647;
			files = (
				92790DA6258D234E0006EBC8 /* Memorize_StanfordTests.swift in Sources */,
			);
			runOnlyForDeploymentPostprocessing = 0;
		};
		92790DA8258D234F0006EBC8 /* Sources */ = {
			isa = PBXSourcesBuildPhase;
			buildActionMask = 2147483647;
			files = (
				92790DB1258D234F0006EBC8 /* Memorize_StanfordUITests.swift in Sources */,
			);
			runOnlyForDeploymentPostprocessing = 0;
		};
/* End PBXSourcesBuildPhase section */

/* Begin PBXTargetDependency section */
		92790DA3258D234E0006EBC8 /* PBXTargetDependency */ = {
			isa = PBXTargetDependency;
			target = 92790D87258D234B0006EBC8 /* Memorize-Stanford */;
			targetProxy = 92790DA2258D234E0006EBC8 /* PBXContainerItemProxy */;
		};
		92790DAE258D234F0006EBC8 /* PBXTargetDependency */ = {
			isa = PBXTargetDependency;
			target = 92790D87258D234B0006EBC8 /* Memorize-Stanford */;
			targetProxy = 92790DAD258D234F0006EBC8 /* PBXContainerItemProxy */;
		};
/* End PBXTargetDependency section */

/* Begin PBXVariantGroup section */
		92790D99258D234E0006EBC8 /* LaunchScreen.storyboard */ = {
			isa = PBXVariantGroup;
			children = (
				92790D9A258D234E0006EBC8 /* Base */,
			);
			name = LaunchScreen.storyboard;
			sourceTree = "<group>";
		};
/* End PBXVariantGroup section */

/* Begin XCBuildConfiguration section */
		92790DB3258D234F0006EBC8 /* Debug */ = {
			isa = XCBuildConfiguration;
			buildSettings = {
				ALWAYS_SEARCH_USER_PATHS = NO;
				CLANG_ANALYZER_NONNULL = YES;
				CLANG_ANALYZER_NUMBER_OBJECT_CONVERSION = YES_AGGRESSIVE;
				CLANG_CXX_LANGUAGE_STANDARD = "gnu++14";
				CLANG_CXX_LIBRARY = "libc++";
				CLANG_ENABLE_MODULES = YES;
				CLANG_ENABLE_OBJC_ARC = YES;
				CLANG_ENABLE_OBJC_WEAK = YES;
				CLANG_WARN_BLOCK_CAPTURE_AUTORELEASING = YES;
				CLANG_WARN_BOOL_CONVERSION = YES;
				CLANG_WARN_COMMA = YES;
				CLANG_WARN_CONSTANT_CONVERSION = YES;
				CLANG_WARN_DEPRECATED_OBJC_IMPLEMENTATIONS = YES;
				CLANG_WARN_DIRECT_OBJC_ISA_USAGE = YES_ERROR;
				CLANG_WARN_DOCUMENTATION_COMMENTS = YES;
				CLANG_WARN_EMPTY_BODY = YES;
				CLANG_WARN_ENUM_CONVERSION = YES;
				CLANG_WARN_INFINITE_RECURSION = YES;
				CLANG_WARN_INT_CONVERSION = YES;
				CLANG_WARN_NON_LITERAL_NULL_CONVERSION = YES;
				CLANG_WARN_OBJC_IMPLICIT_RETAIN_SELF = YES;
				CLANG_WARN_OBJC_LITERAL_CONVERSION = YES;
				CLANG_WARN_OBJC_ROOT_CLASS = YES_ERROR;
				CLANG_WARN_QUOTED_INCLUDE_IN_FRAMEWORK_HEADER = YES;
				CLANG_WARN_RANGE_LOOP_ANALYSIS = YES;
				CLANG_WARN_STRICT_PROTOTYPES = YES;
				CLANG_WARN_SUSPICIOUS_MOVE = YES;
				CLANG_WARN_UNGUARDED_AVAILABILITY = YES_AGGRESSIVE;
				CLANG_WARN_UNREACHABLE_CODE = YES;
				CLANG_WARN__DUPLICATE_METHOD_MATCH = YES;
				COPY_PHASE_STRIP = NO;
				DEBUG_INFORMATION_FORMAT = dwarf;
				ENABLE_STRICT_OBJC_MSGSEND = YES;
				ENABLE_TESTABILITY = YES;
				GCC_C_LANGUAGE_STANDARD = gnu11;
				GCC_DYNAMIC_NO_PIC = NO;
				GCC_NO_COMMON_BLOCKS = YES;
				GCC_OPTIMIZATION_LEVEL = 0;
				GCC_PREPROCESSOR_DEFINITIONS = (
					"DEBUG=1",
					"$(inherited)",
				);
				GCC_WARN_64_TO_32_BIT_CONVERSION = YES;
				GCC_WARN_ABOUT_RETURN_TYPE = YES_ERROR;
				GCC_WARN_UNDECLARED_SELECTOR = YES;
				GCC_WARN_UNINITIALIZED_AUTOS = YES_AGGRESSIVE;
				GCC_WARN_UNUSED_FUNCTION = YES;
				GCC_WARN_UNUSED_VARIABLE = YES;
				IPHONEOS_DEPLOYMENT_TARGET = 14.1;
				MTL_ENABLE_DEBUG_INFO = INCLUDE_SOURCE;
				MTL_FAST_MATH = YES;
				ONLY_ACTIVE_ARCH = YES;
				SDKROOT = iphoneos;
				SWIFT_ACTIVE_COMPILATION_CONDITIONS = DEBUG;
				SWIFT_OPTIMIZATION_LEVEL = "-Onone";
			};
			name = Debug;
		};
		92790DB4258D234F0006EBC8 /* Release */ = {
			isa = XCBuildConfiguration;
			buildSettings = {
				ALWAYS_SEARCH_USER_PATHS = NO;
				CLANG_ANALYZER_NONNULL = YES;
				CLANG_ANALYZER_NUMBER_OBJECT_CONVERSION = YES_AGGRESSIVE;
				CLANG_CXX_LANGUAGE_STANDARD = "gnu++14";
				CLANG_CXX_LIBRARY = "libc++";
				CLANG_ENABLE_MODULES = YES;
				CLANG_ENABLE_OBJC_ARC = YES;
				CLANG_ENABLE_OBJC_WEAK = YES;
				CLANG_WARN_BLOCK_CAPTURE_AUTORELEASING = YES;
				CLANG_WARN_BOOL_CONVERSION = YES;
				CLANG_WARN_COMMA = YES;
				CLANG_WARN_CONSTANT_CONVERSION = YES;
				CLANG_WARN_DEPRECATED_OBJC_IMPLEMENTATIONS = YES;
				CLANG_WARN_DIRECT_OBJC_ISA_USAGE = YES_ERROR;
				CLANG_WARN_DOCUMENTATION_COMMENTS = YES;
				CLANG_WARN_EMPTY_BODY = YES;
				CLANG_WARN_ENUM_CONVERSION = YES;
				CLANG_WARN_INFINITE_RECURSION = YES;
				CLANG_WARN_INT_CONVERSION = YES;
				CLANG_WARN_NON_LITERAL_NULL_CONVERSION = YES;
				CLANG_WARN_OBJC_IMPLICIT_RETAIN_SELF = YES;
				CLANG_WARN_OBJC_LITERAL_CONVERSION = YES;
				CLANG_WARN_OBJC_ROOT_CLASS = YES_ERROR;
				CLANG_WARN_QUOTED_INCLUDE_IN_FRAMEWORK_HEADER = YES;
				CLANG_WARN_RANGE_LOOP_ANALYSIS = YES;
				CLANG_WARN_STRICT_PROTOTYPES = YES;
				CLANG_WARN_SUSPICIOUS_MOVE = YES;
				CLANG_WARN_UNGUARDED_AVAILABILITY = YES_AGGRESSIVE;
				CLANG_WARN_UNREACHABLE_CODE = YES;
				CLANG_WARN__DUPLICATE_METHOD_MATCH = YES;
				COPY_PHASE_STRIP = NO;
				DEBUG_INFORMATION_FORMAT = "dwarf-with-dsym";
				ENABLE_NS_ASSERTIONS = NO;
				ENABLE_STRICT_OBJC_MSGSEND = YES;
				GCC_C_LANGUAGE_STANDARD = gnu11;
				GCC_NO_COMMON_BLOCKS = YES;
				GCC_WARN_64_TO_32_BIT_CONVERSION = YES;
				GCC_WARN_ABOUT_RETURN_TYPE = YES_ERROR;
				GCC_WARN_UNDECLARED_SELECTOR = YES;
				GCC_WARN_UNINITIALIZED_AUTOS = YES_AGGRESSIVE;
				GCC_WARN_UNUSED_FUNCTION = YES;
				GCC_WARN_UNUSED_VARIABLE = YES;
				IPHONEOS_DEPLOYMENT_TARGET = 14.1;
				MTL_ENABLE_DEBUG_INFO = NO;
				MTL_FAST_MATH = YES;
				SDKROOT = iphoneos;
				SWIFT_COMPILATION_MODE = wholemodule;
				SWIFT_OPTIMIZATION_LEVEL = "-O";
				VALIDATE_PRODUCT = YES;
			};
			name = Release;
		};
		92790DB6258D234F0006EBC8 /* Debug */ = {
			isa = XCBuildConfiguration;
			buildSettings = {
				ASSETCATALOG_COMPILER_APPICON_NAME = AppIcon;
				ASSETCATALOG_COMPILER_GLOBAL_ACCENT_COLOR_NAME = AccentColor;
				CODE_SIGN_STYLE = Automatic;
				DEVELOPMENT_ASSET_PATHS = "\"Memorize-Stanford/Preview Content\"";
				ENABLE_PREVIEWS = YES;
				INFOPLIST_FILE = "Memorize-Stanford/Info.plist";
				LD_RUNPATH_SEARCH_PATHS = (
					"$(inherited)",
					"@executable_path/Frameworks",
				);
				PRODUCT_BUNDLE_IDENTIFIER = "eulersoft.Memorize-Stanford";
				PRODUCT_NAME = "$(TARGET_NAME)";
				SWIFT_VERSION = 5.0;
				TARGETED_DEVICE_FAMILY = "1,2";
			};
			name = Debug;
		};
		92790DB7258D234F0006EBC8 /* Release */ = {
			isa = XCBuildConfiguration;
			buildSettings = {
				ASSETCATALOG_COMPILER_APPICON_NAME = AppIcon;
				ASSETCATALOG_COMPILER_GLOBAL_ACCENT_COLOR_NAME = AccentColor;
				CODE_SIGN_STYLE = Automatic;
				DEVELOPMENT_ASSET_PATHS = "\"Memorize-Stanford/Preview Content\"";
				ENABLE_PREVIEWS = YES;
				INFOPLIST_FILE = "Memorize-Stanford/Info.plist";
				LD_RUNPATH_SEARCH_PATHS = (
					"$(inherited)",
					"@executable_path/Frameworks",
				);
				PRODUCT_BUNDLE_IDENTIFIER = "eulersoft.Memorize-Stanford";
				PRODUCT_NAME = "$(TARGET_NAME)";
				SWIFT_VERSION = 5.0;
				TARGETED_DEVICE_FAMILY = "1,2";
			};
			name = Release;
		};
		92790DB9258D234F0006EBC8 /* Debug */ = {
			isa = XCBuildConfiguration;
			buildSettings = {
				ALWAYS_EMBED_SWIFT_STANDARD_LIBRARIES = YES;
				BUNDLE_LOADER = "$(TEST_HOST)";
				CODE_SIGN_STYLE = Automatic;
				INFOPLIST_FILE = "Memorize-StanfordTests/Info.plist";
				IPHONEOS_DEPLOYMENT_TARGET = 14.1;
				LD_RUNPATH_SEARCH_PATHS = (
					"$(inherited)",
					"@executable_path/Frameworks",
					"@loader_path/Frameworks",
				);
				PRODUCT_BUNDLE_IDENTIFIER = "eulersoft.Memorize-StanfordTests";
				PRODUCT_NAME = "$(TARGET_NAME)";
				SWIFT_VERSION = 5.0;
				TARGETED_DEVICE_FAMILY = "1,2";
				TEST_HOST = "$(BUILT_PRODUCTS_DIR)/Memorize-Stanford.app/Memorize-Stanford";
			};
			name = Debug;
		};
		92790DBA258D234F0006EBC8 /* Release */ = {
			isa = XCBuildConfiguration;
			buildSettings = {
				ALWAYS_EMBED_SWIFT_STANDARD_LIBRARIES = YES;
				BUNDLE_LOADER = "$(TEST_HOST)";
				CODE_SIGN_STYLE = Automatic;
				INFOPLIST_FILE = "Memorize-StanfordTests/Info.plist";
				IPHONEOS_DEPLOYMENT_TARGET = 14.1;
				LD_RUNPATH_SEARCH_PATHS = (
					"$(inherited)",
					"@executable_path/Frameworks",
					"@loader_path/Frameworks",
				);
				PRODUCT_BUNDLE_IDENTIFIER = "eulersoft.Memorize-StanfordTests";
				PRODUCT_NAME = "$(TARGET_NAME)";
				SWIFT_VERSION = 5.0;
				TARGETED_DEVICE_FAMILY = "1,2";
				TEST_HOST = "$(BUILT_PRODUCTS_DIR)/Memorize-Stanford.app/Memorize-Stanford";
			};
			name = Release;
		};
		92790DBC258D234F0006EBC8 /* Debug */ = {
			isa = XCBuildConfiguration;
			buildSettings = {
				ALWAYS_EMBED_SWIFT_STANDARD_LIBRARIES = YES;
				CODE_SIGN_STYLE = Automatic;
				INFOPLIST_FILE = "Memorize-StanfordUITests/Info.plist";
				LD_RUNPATH_SEARCH_PATHS = (
					"$(inherited)",
					"@executable_path/Frameworks",
					"@loader_path/Frameworks",
				);
				PRODUCT_BUNDLE_IDENTIFIER = "eulersoft.Memorize-StanfordUITests";
				PRODUCT_NAME = "$(TARGET_NAME)";
				SWIFT_VERSION = 5.0;
				TARGETED_DEVICE_FAMILY = "1,2";
				TEST_TARGET_NAME = "Memorize-Stanford";
			};
			name = Debug;
		};
		92790DBD258D234F0006EBC8 /* Release */ = {
			isa = XCBuildConfiguration;
			buildSettings = {
				ALWAYS_EMBED_SWIFT_STANDARD_LIBRARIES = YES;
				CODE_SIGN_STYLE = Automatic;
				INFOPLIST_FILE = "Memorize-StanfordUITests/Info.plist";
				LD_RUNPATH_SEARCH_PATHS = (
					"$(inherited)",
					"@executable_path/Frameworks",
					"@loader_path/Frameworks",
				);
				PRODUCT_BUNDLE_IDENTIFIER = "eulersoft.Memorize-StanfordUITests";
				PRODUCT_NAME = "$(TARGET_NAME)";
				SWIFT_VERSION = 5.0;
				TARGETED_DEVICE_FAMILY = "1,2";
				TEST_TARGET_NAME = "Memorize-Stanford";
			};
			name = Release;
		};
/* End XCBuildConfiguration section */

/* Begin XCConfigurationList section */
		92790D83258D234B0006EBC8 /* Build configuration list for PBXProject "Memorize-Stanford" */ = {
			isa = XCConfigurationList;
			buildConfigurations = (
				92790DB3258D234F0006EBC8 /* Debug */,
				92790DB4258D234F0006EBC8 /* Release */,
			);
			defaultConfigurationIsVisible = 0;
			defaultConfigurationName = Release;
		};
		92790DB5258D234F0006EBC8 /* Build configuration list for PBXNativeTarget "Memorize-Stanford" */ = {
			isa = XCConfigurationList;
			buildConfigurations = (
				92790DB6258D234F0006EBC8 /* Debug */,
				92790DB7258D234F0006EBC8 /* Release */,
			);
			defaultConfigurationIsVisible = 0;
			defaultConfigurationName = Release;
		};
		92790DB8258D234F0006EBC8 /* Build configuration list for PBXNativeTarget "Memorize-StanfordTests" */ = {
			isa = XCConfigurationList;
			buildConfigurations = (
				92790DB9258D234F0006EBC8 /* Debug */,
				92790DBA258D234F0006EBC8 /* Release */,
			);
			defaultConfigurationIsVisible = 0;
			defaultConfigurationName = Release;
		};
		92790DBB258D234F0006EBC8 /* Build configuration list for PBXNativeTarget "Memorize-StanfordUITests" */ = {
			isa = XCConfigurationList;
			buildConfigurations = (
				92790DBC258D234F0006EBC8 /* Debug */,
				92790DBD258D234F0006EBC8 /* Release */,
			);
			defaultConfigurationIsVisible = 0;
			defaultConfigurationName = Release;
		};
/* End XCConfigurationList section */

/* Begin XCVersionGroup section */
		92790D91258D234B0006EBC8 /* Memorize_Stanford.xcdatamodeld */ = {
			isa = XCVersionGroup;
			children = (
				92790D92258D234B0006EBC8 /* Memorize_Stanford.xcdatamodel */,
			);
			currentVersion = 92790D92258D234B0006EBC8 /* Memorize_Stanford.xcdatamodel */;
			path = Memorize_Stanford.xcdatamodeld;
			sourceTree = "<group>";
			versionGroupType = wrapper.xcdatamodel;
		};
/* End XCVersionGroup section */
	};
	rootObject = 92790D80258D234B0006EBC8 /* Project object */;
}
